// !$*UTF8*$!
{
	archiveVersion = 1;
	classes = {
	};
	objectVersion = 46;
	objects = {

/* Begin PBXBuildFile section */
		9A2BA72B1CBCE06E004BE2C4 /* ThreadManager.cpp in Sources */ = {isa = PBXBuildFile; fileRef = 9A2BA7291CBCE06E004BE2C4 /* ThreadManager.cpp */; };
		9A2BA72C1CBCE06E004BE2C4 /* ThreadManager.cpp in Sources */ = {isa = PBXBuildFile; fileRef = 9A2BA7291CBCE06E004BE2C4 /* ThreadManager.cpp */; };
		9A2BA72D1CBCE06E004BE2C4 /* ThreadManager.hpp in Headers */ = {isa = PBXBuildFile; fileRef = 9A2BA72A1CBCE06E004BE2C4 /* ThreadManager.hpp */; };
		9A34D5EA1C41552C00B48591 /* Types.cpp in Sources */ = {isa = PBXBuildFile; fileRef = 9A34D5E91C41552C00B48591 /* Types.cpp */; };
		9A53492F1CEBD9CC0054436E /* JumpByAction.cpp in Sources */ = {isa = PBXBuildFile; fileRef = 9A53492D1CEBD9CC0054436E /* JumpByAction.cpp */; };
		9A5349301CEBD9CC0054436E /* JumpByAction.cpp in Sources */ = {isa = PBXBuildFile; fileRef = 9A53492D1CEBD9CC0054436E /* JumpByAction.cpp */; };
		9A5349311CEBD9CC0054436E /* JumpByAction.hpp in Headers */ = {isa = PBXBuildFile; fileRef = 9A53492E1CEBD9CC0054436E /* JumpByAction.hpp */; };
		9A5349351CF345590054436E /* EasingFunctions.cpp in Sources */ = {isa = PBXBuildFile; fileRef = 9A5349341CF345590054436E /* EasingFunctions.cpp */; };
		9A5349361CF345590054436E /* EasingFunctions.cpp in Sources */ = {isa = PBXBuildFile; fileRef = 9A5349341CF345590054436E /* EasingFunctions.cpp */; };
		9A5398C71C9169030094865C /* NetworkManager.cpp in Sources */ = {isa = PBXBuildFile; fileRef = 9A5398C51C9169030094865C /* NetworkManager.cpp */; };
		9A5398C81C9169030094865C /* NetworkManager.cpp in Sources */ = {isa = PBXBuildFile; fileRef = 9A5398C51C9169030094865C /* NetworkManager.cpp */; };
		9A5398C91C9169030094865C /* NetworkManager.hpp in Headers */ = {isa = PBXBuildFile; fileRef = 9A5398C61C9169030094865C /* NetworkManager.hpp */; };
		9A60C8071C31670900400D85 /* Action.cpp in Sources */ = {isa = PBXBuildFile; fileRef = 9A60C7DD1C31670900400D85 /* Action.cpp */; };
		9A60C8081C31670900400D85 /* CallbackAction.cpp in Sources */ = {isa = PBXBuildFile; fileRef = 9A60C7DF1C31670900400D85 /* CallbackAction.cpp */; };
		9A60C8091C31670900400D85 /* FadeAlphaToAction.cpp in Sources */ = {isa = PBXBuildFile; fileRef = 9A60C7E11C31670900400D85 /* FadeAlphaToAction.cpp */; };
		9A60C80A1C31670900400D85 /* MoveByAction.cpp in Sources */ = {isa = PBXBuildFile; fileRef = 9A60C7E31C31670900400D85 /* MoveByAction.cpp */; };
		9A60C80B1C31670900400D85 /* RemoveFromParent.cpp in Sources */ = {isa = PBXBuildFile; fileRef = 9A60C7E51C31670900400D85 /* RemoveFromParent.cpp */; };
		9A60C80C1C31670900400D85 /* RotateToAction.cpp in Sources */ = {isa = PBXBuildFile; fileRef = 9A60C7E71C31670900400D85 /* RotateToAction.cpp */; };
		9A60C80D1C31670900400D85 /* ScaleToAction.cpp in Sources */ = {isa = PBXBuildFile; fileRef = 9A60C7E91C31670900400D85 /* ScaleToAction.cpp */; };
		9A60C80E1C31670900400D85 /* SequenceAction.cpp in Sources */ = {isa = PBXBuildFile; fileRef = 9A60C7EB1C31670900400D85 /* SequenceAction.cpp */; };
		9A60C80F1C31670900400D85 /* SpriteAnimationAction.cpp in Sources */ = {isa = PBXBuildFile; fileRef = 9A60C7ED1C31670900400D85 /* SpriteAnimationAction.cpp */; };
		9A60C8101C31670900400D85 /* WaitAction.cpp in Sources */ = {isa = PBXBuildFile; fileRef = 9A60C7EF1C31670900400D85 /* WaitAction.cpp */; };
		9A60C8111C31670900400D85 /* EngineHelper.cpp in Sources */ = {isa = PBXBuildFile; fileRef = 9A60C7F11C31670900400D85 /* EngineHelper.cpp */; };
		9A60C8121C31670900400D85 /* ButtonNode.cpp in Sources */ = {isa = PBXBuildFile; fileRef = 9A60C7F51C31670900400D85 /* ButtonNode.cpp */; };
		9A60C8131C31670900400D85 /* LabelNode.cpp in Sources */ = {isa = PBXBuildFile; fileRef = 9A60C7F71C31670900400D85 /* LabelNode.cpp */; };
		9A60C8141C31670900400D85 /* Node.cpp in Sources */ = {isa = PBXBuildFile; fileRef = 9A60C7F91C31670900400D85 /* Node.cpp */; };
		9A60C8151C31670900400D85 /* Scene.cpp in Sources */ = {isa = PBXBuildFile; fileRef = 9A60C7FB1C31670900400D85 /* Scene.cpp */; };
		9A60C8161C31670900400D85 /* Sprite.cpp in Sources */ = {isa = PBXBuildFile; fileRef = 9A60C7FD1C31670900400D85 /* Sprite.cpp */; };
		9A60C8181C31670900400D85 /* Texture.cpp in Sources */ = {isa = PBXBuildFile; fileRef = 9A60C8011C31670900400D85 /* Texture.cpp */; };
		9A60C8191C31670900400D85 /* tmxparser.cpp in Sources */ = {isa = PBXBuildFile; fileRef = 9A60C8031C31670900400D85 /* tmxparser.cpp */; };
		9A60C81A1C31670900400D85 /* Window.cpp in Sources */ = {isa = PBXBuildFile; fileRef = 9A60C8051C31670900400D85 /* Window.cpp */; };
		9A60C82C1C330AB200400D85 /* RepeatAction.cpp in Sources */ = {isa = PBXBuildFile; fileRef = 9A60C82A1C330AB200400D85 /* RepeatAction.cpp */; };
		9A7E46A81C8CE82A00578C86 /* DrawTexture.cpp in Sources */ = {isa = PBXBuildFile; fileRef = 9A7E46A61C8CE82A00578C86 /* DrawTexture.cpp */; };
		9A7E46A91C8CE82A00578C86 /* DrawTexture.cpp in Sources */ = {isa = PBXBuildFile; fileRef = 9A7E46A61C8CE82A00578C86 /* DrawTexture.cpp */; };
		9A7E46AA1C8CE82A00578C86 /* DrawTexture.hpp in Headers */ = {isa = PBXBuildFile; fileRef = 9A7E46A71C8CE82A00578C86 /* DrawTexture.hpp */; };
		9A8F2BBC1C774DD4003A0AE3 /* RotateByAction.cpp in Sources */ = {isa = PBXBuildFile; fileRef = 9A8F2BBA1C774DD4003A0AE3 /* RotateByAction.cpp */; };
		9A8F2BBD1C774DD4003A0AE3 /* RotateByAction.cpp in Sources */ = {isa = PBXBuildFile; fileRef = 9A8F2BBA1C774DD4003A0AE3 /* RotateByAction.cpp */; };
		9AB2EC751C4A865000F0CDF1 /* AudioEngine.cpp in Sources */ = {isa = PBXBuildFile; fileRef = 9AB2EC731C4A865000F0CDF1 /* AudioEngine.cpp */; };
		9AB2EC761C4A865000F0CDF1 /* AudioEngine.cpp in Sources */ = {isa = PBXBuildFile; fileRef = 9AB2EC731C4A865000F0CDF1 /* AudioEngine.cpp */; };
		9AB48A3F1CD933710097C416 /* EasingFunctions.hpp in Headers */ = {isa = PBXBuildFile; fileRef = 9AB48A3C1CD933710097C416 /* EasingFunctions.hpp */; };
		9AD5D7501C87C77D00226445 /* Action.hpp in Headers */ = {isa = PBXBuildFile; fileRef = 9A60C7DE1C31670900400D85 /* Action.hpp */; };
		9AD5D7511C87C77D00226445 /* CallbackAction.hpp in Headers */ = {isa = PBXBuildFile; fileRef = 9A60C7E01C31670900400D85 /* CallbackAction.hpp */; };
		9AD5D7521C87C77D00226445 /* FadeAlphaToAction.hpp in Headers */ = {isa = PBXBuildFile; fileRef = 9A60C7E21C31670900400D85 /* FadeAlphaToAction.hpp */; };
		9AD5D7531C87C77D00226445 /* MoveByAction.hpp in Headers */ = {isa = PBXBuildFile; fileRef = 9A60C7E41C31670900400D85 /* MoveByAction.hpp */; };
		9AD5D7541C87C77D00226445 /* RemoveFromParent.hpp in Headers */ = {isa = PBXBuildFile; fileRef = 9A60C7E61C31670900400D85 /* RemoveFromParent.hpp */; };
		9AD5D7551C87C77D00226445 /* RotateToAction.hpp in Headers */ = {isa = PBXBuildFile; fileRef = 9A60C7E81C31670900400D85 /* RotateToAction.hpp */; };
		9AD5D7561C87C77D00226445 /* RotateByAction.hpp in Headers */ = {isa = PBXBuildFile; fileRef = 9A8F2BBB1C774DD4003A0AE3 /* RotateByAction.hpp */; };
		9AD5D7571C87C77D00226445 /* ScaleToAction.hpp in Headers */ = {isa = PBXBuildFile; fileRef = 9A60C7EA1C31670900400D85 /* ScaleToAction.hpp */; };
		9AD5D7581C87C77D00226445 /* SequenceAction.hpp in Headers */ = {isa = PBXBuildFile; fileRef = 9A60C7EC1C31670900400D85 /* SequenceAction.hpp */; };
		9AD5D7591C87C77D00226445 /* SpriteAnimationAction.hpp in Headers */ = {isa = PBXBuildFile; fileRef = 9A60C7EE1C31670900400D85 /* SpriteAnimationAction.hpp */; };
		9AD5D75A1C87C77D00226445 /* WaitAction.hpp in Headers */ = {isa = PBXBuildFile; fileRef = 9A60C7F01C31670900400D85 /* WaitAction.hpp */; };
		9AD5D75B1C87C77D00226445 /* RepeatAction.hpp in Headers */ = {isa = PBXBuildFile; fileRef = 9A60C82B1C330AB200400D85 /* RepeatAction.hpp */; };
		9AD5D75C1C87C77D00226445 /* EngineHelper.hpp in Headers */ = {isa = PBXBuildFile; fileRef = 9A60C7F21C31670900400D85 /* EngineHelper.hpp */; };
		9AD5D75D1C87C77D00226445 /* FayEngine.h in Headers */ = {isa = PBXBuildFile; fileRef = 9A60C7F31C31670900400D85 /* FayEngine.h */; };
		9AD5D75E1C87C77D00226445 /* ButtonNode.hpp in Headers */ = {isa = PBXBuildFile; fileRef = 9A60C7F61C31670900400D85 /* ButtonNode.hpp */; };
		9AD5D75F1C87C77D00226445 /* LabelNode.hpp in Headers */ = {isa = PBXBuildFile; fileRef = 9A60C7F81C31670900400D85 /* LabelNode.hpp */; };
		9AD5D7601C87C77D00226445 /* Node.hpp in Headers */ = {isa = PBXBuildFile; fileRef = 9A60C7FA1C31670900400D85 /* Node.hpp */; };
		9AD5D7611C87C77D00226445 /* Scene.hpp in Headers */ = {isa = PBXBuildFile; fileRef = 9A60C7FC1C31670900400D85 /* Scene.hpp */; };
		9AD5D7621C87C77D00226445 /* Sprite.hpp in Headers */ = {isa = PBXBuildFile; fileRef = 9A60C7FE1C31670900400D85 /* Sprite.hpp */; };
		9AD5D7631C87C77D00226445 /* TiledMapNode.hpp in Headers */ = {isa = PBXBuildFile; fileRef = 9AF380C11C7E097900851278 /* TiledMapNode.hpp */; };
		9AD5D7641C87C77D00226445 /* Texture.hpp in Headers */ = {isa = PBXBuildFile; fileRef = 9A60C8021C31670900400D85 /* Texture.hpp */; };
		9AD5D7651C87C77D00226445 /* tmxparser.h in Headers */ = {isa = PBXBuildFile; fileRef = 9A60C8041C31670900400D85 /* tmxparser.h */; };
		9AD5D7661C87C77D00226445 /* Window.hpp in Headers */ = {isa = PBXBuildFile; fileRef = 9A60C8061C31670900400D85 /* Window.hpp */; };
		9AD5D7671C87C77D00226445 /* Types.hpp in Headers */ = {isa = PBXBuildFile; fileRef = 9A2E2F4D1C413BB7002661EF /* Types.hpp */; };
		9AD5D7681C87C77D00226445 /* AudioEngine.hpp in Headers */ = {isa = PBXBuildFile; fileRef = 9AB2EC741C4A865000F0CDF1 /* AudioEngine.hpp */; };
		9AE252361C48019F00D6C01E /* Action.cpp in Sources */ = {isa = PBXBuildFile; fileRef = 9A60C7DD1C31670900400D85 /* Action.cpp */; };
		9AE252371C48019F00D6C01E /* CallbackAction.cpp in Sources */ = {isa = PBXBuildFile; fileRef = 9A60C7DF1C31670900400D85 /* CallbackAction.cpp */; };
		9AE252381C48019F00D6C01E /* FadeAlphaToAction.cpp in Sources */ = {isa = PBXBuildFile; fileRef = 9A60C7E11C31670900400D85 /* FadeAlphaToAction.cpp */; };
		9AE252391C48019F00D6C01E /* MoveByAction.cpp in Sources */ = {isa = PBXBuildFile; fileRef = 9A60C7E31C31670900400D85 /* MoveByAction.cpp */; };
		9AE2523A1C48019F00D6C01E /* RemoveFromParent.cpp in Sources */ = {isa = PBXBuildFile; fileRef = 9A60C7E51C31670900400D85 /* RemoveFromParent.cpp */; };
		9AE2523B1C48019F00D6C01E /* RotateToAction.cpp in Sources */ = {isa = PBXBuildFile; fileRef = 9A60C7E71C31670900400D85 /* RotateToAction.cpp */; };
		9AE2523C1C48019F00D6C01E /* ScaleToAction.cpp in Sources */ = {isa = PBXBuildFile; fileRef = 9A60C7E91C31670900400D85 /* ScaleToAction.cpp */; };
		9AE2523D1C48019F00D6C01E /* SequenceAction.cpp in Sources */ = {isa = PBXBuildFile; fileRef = 9A60C7EB1C31670900400D85 /* SequenceAction.cpp */; };
		9AE2523E1C48019F00D6C01E /* SpriteAnimationAction.cpp in Sources */ = {isa = PBXBuildFile; fileRef = 9A60C7ED1C31670900400D85 /* SpriteAnimationAction.cpp */; };
		9AE2523F1C48019F00D6C01E /* WaitAction.cpp in Sources */ = {isa = PBXBuildFile; fileRef = 9A60C7EF1C31670900400D85 /* WaitAction.cpp */; };
		9AE252401C48019F00D6C01E /* RepeatAction.cpp in Sources */ = {isa = PBXBuildFile; fileRef = 9A60C82A1C330AB200400D85 /* RepeatAction.cpp */; };
		9AE252411C48019F00D6C01E /* EngineHelper.cpp in Sources */ = {isa = PBXBuildFile; fileRef = 9A60C7F11C31670900400D85 /* EngineHelper.cpp */; };
		9AE252421C48019F00D6C01E /* ButtonNode.cpp in Sources */ = {isa = PBXBuildFile; fileRef = 9A60C7F51C31670900400D85 /* ButtonNode.cpp */; };
		9AE252431C48019F00D6C01E /* LabelNode.cpp in Sources */ = {isa = PBXBuildFile; fileRef = 9A60C7F71C31670900400D85 /* LabelNode.cpp */; };
		9AE252441C48019F00D6C01E /* Node.cpp in Sources */ = {isa = PBXBuildFile; fileRef = 9A60C7F91C31670900400D85 /* Node.cpp */; };
		9AE252451C48019F00D6C01E /* Scene.cpp in Sources */ = {isa = PBXBuildFile; fileRef = 9A60C7FB1C31670900400D85 /* Scene.cpp */; };
		9AE252461C48019F00D6C01E /* Sprite.cpp in Sources */ = {isa = PBXBuildFile; fileRef = 9A60C7FD1C31670900400D85 /* Sprite.cpp */; };
		9AE252481C48019F00D6C01E /* Texture.cpp in Sources */ = {isa = PBXBuildFile; fileRef = 9A60C8011C31670900400D85 /* Texture.cpp */; };
		9AE252491C48019F00D6C01E /* tmxparser.cpp in Sources */ = {isa = PBXBuildFile; fileRef = 9A60C8031C31670900400D85 /* tmxparser.cpp */; };
		9AE2524A1C48019F00D6C01E /* Window.cpp in Sources */ = {isa = PBXBuildFile; fileRef = 9A60C8051C31670900400D85 /* Window.cpp */; };
		9AE2524B1C48019F00D6C01E /* Types.cpp in Sources */ = {isa = PBXBuildFile; fileRef = 9A34D5E91C41552C00B48591 /* Types.cpp */; };
		9AF380C31C7E097900851278 /* TiledMapNode.cpp in Sources */ = {isa = PBXBuildFile; fileRef = 9AF380C21C7E097900851278 /* TiledMapNode.cpp */; };
		9AF380C41C7E097900851278 /* TiledMapNode.cpp in Sources */ = {isa = PBXBuildFile; fileRef = 9AF380C21C7E097900851278 /* TiledMapNode.cpp */; };
/* End PBXBuildFile section */

/* Begin PBXFileReference section */
		9A2BA7291CBCE06E004BE2C4 /* ThreadManager.cpp */ = {isa = PBXFileReference; fileEncoding = 4; lastKnownFileType = sourcecode.cpp.cpp; path = ThreadManager.cpp; sourceTree = "<group>"; };
		9A2BA72A1CBCE06E004BE2C4 /* ThreadManager.hpp */ = {isa = PBXFileReference; fileEncoding = 4; lastKnownFileType = sourcecode.cpp.h; path = ThreadManager.hpp; sourceTree = "<group>"; };
		9A2E2F4D1C413BB7002661EF /* Types.hpp */ = {isa = PBXFileReference; lastKnownFileType = sourcecode.cpp.h; path = Types.hpp; sourceTree = "<group>"; };
		9A34D5E91C41552C00B48591 /* Types.cpp */ = {isa = PBXFileReference; fileEncoding = 4; lastKnownFileType = sourcecode.cpp.cpp; path = Types.cpp; sourceTree = "<group>"; };
		9A53492D1CEBD9CC0054436E /* JumpByAction.cpp */ = {isa = PBXFileReference; fileEncoding = 4; lastKnownFileType = sourcecode.cpp.cpp; path = JumpByAction.cpp; sourceTree = "<group>"; };
		9A53492E1CEBD9CC0054436E /* JumpByAction.hpp */ = {isa = PBXFileReference; fileEncoding = 4; lastKnownFileType = sourcecode.cpp.h; path = JumpByAction.hpp; sourceTree = "<group>"; };
		9A5349341CF345590054436E /* EasingFunctions.cpp */ = {isa = PBXFileReference; fileEncoding = 4; lastKnownFileType = sourcecode.cpp.cpp; path = EasingFunctions.cpp; sourceTree = "<group>"; };
		9A5398C51C9169030094865C /* NetworkManager.cpp */ = {isa = PBXFileReference; fileEncoding = 4; lastKnownFileType = sourcecode.cpp.cpp; path = NetworkManager.cpp; sourceTree = "<group>"; };
		9A5398C61C9169030094865C /* NetworkManager.hpp */ = {isa = PBXFileReference; fileEncoding = 4; lastKnownFileType = sourcecode.cpp.h; path = NetworkManager.hpp; sourceTree = "<group>"; };
		9A60C7DD1C31670900400D85 /* Action.cpp */ = {isa = PBXFileReference; fileEncoding = 4; lastKnownFileType = sourcecode.cpp.cpp; lineEnding = 0; path = Action.cpp; sourceTree = "<group>"; xcLanguageSpecificationIdentifier = xcode.lang.cpp; };
		9A60C7DE1C31670900400D85 /* Action.hpp */ = {isa = PBXFileReference; fileEncoding = 4; lastKnownFileType = sourcecode.cpp.h; lineEnding = 0; path = Action.hpp; sourceTree = "<group>"; xcLanguageSpecificationIdentifier = xcode.lang.cpp; };
		9A60C7DF1C31670900400D85 /* CallbackAction.cpp */ = {isa = PBXFileReference; fileEncoding = 4; lastKnownFileType = sourcecode.cpp.cpp; lineEnding = 0; path = CallbackAction.cpp; sourceTree = "<group>"; xcLanguageSpecificationIdentifier = xcode.lang.cpp; };
		9A60C7E01C31670900400D85 /* CallbackAction.hpp */ = {isa = PBXFileReference; fileEncoding = 4; lastKnownFileType = sourcecode.cpp.h; lineEnding = 0; path = CallbackAction.hpp; sourceTree = "<group>"; xcLanguageSpecificationIdentifier = xcode.lang.cpp; };
		9A60C7E11C31670900400D85 /* FadeAlphaToAction.cpp */ = {isa = PBXFileReference; fileEncoding = 4; lastKnownFileType = sourcecode.cpp.cpp; lineEnding = 0; path = FadeAlphaToAction.cpp; sourceTree = "<group>"; xcLanguageSpecificationIdentifier = xcode.lang.cpp; };
		9A60C7E21C31670900400D85 /* FadeAlphaToAction.hpp */ = {isa = PBXFileReference; fileEncoding = 4; lastKnownFileType = sourcecode.cpp.h; lineEnding = 0; path = FadeAlphaToAction.hpp; sourceTree = "<group>"; xcLanguageSpecificationIdentifier = xcode.lang.cpp; };
		9A60C7E31C31670900400D85 /* MoveByAction.cpp */ = {isa = PBXFileReference; fileEncoding = 4; lastKnownFileType = sourcecode.cpp.cpp; lineEnding = 0; path = MoveByAction.cpp; sourceTree = "<group>"; xcLanguageSpecificationIdentifier = xcode.lang.cpp; };
		9A60C7E41C31670900400D85 /* MoveByAction.hpp */ = {isa = PBXFileReference; fileEncoding = 4; lastKnownFileType = sourcecode.cpp.h; lineEnding = 0; path = MoveByAction.hpp; sourceTree = "<group>"; xcLanguageSpecificationIdentifier = xcode.lang.cpp; };
		9A60C7E51C31670900400D85 /* RemoveFromParent.cpp */ = {isa = PBXFileReference; fileEncoding = 4; lastKnownFileType = sourcecode.cpp.cpp; lineEnding = 0; path = RemoveFromParent.cpp; sourceTree = "<group>"; xcLanguageSpecificationIdentifier = xcode.lang.cpp; };
		9A60C7E61C31670900400D85 /* RemoveFromParent.hpp */ = {isa = PBXFileReference; fileEncoding = 4; lastKnownFileType = sourcecode.cpp.h; lineEnding = 0; path = RemoveFromParent.hpp; sourceTree = "<group>"; xcLanguageSpecificationIdentifier = xcode.lang.cpp; };
		9A60C7E71C31670900400D85 /* RotateToAction.cpp */ = {isa = PBXFileReference; fileEncoding = 4; lastKnownFileType = sourcecode.cpp.cpp; path = RotateToAction.cpp; sourceTree = "<group>"; };
		9A60C7E81C31670900400D85 /* RotateToAction.hpp */ = {isa = PBXFileReference; fileEncoding = 4; lastKnownFileType = sourcecode.cpp.h; lineEnding = 0; path = RotateToAction.hpp; sourceTree = "<group>"; xcLanguageSpecificationIdentifier = xcode.lang.cpp; };
		9A60C7E91C31670900400D85 /* ScaleToAction.cpp */ = {isa = PBXFileReference; fileEncoding = 4; lastKnownFileType = sourcecode.cpp.cpp; lineEnding = 0; path = ScaleToAction.cpp; sourceTree = "<group>"; xcLanguageSpecificationIdentifier = xcode.lang.cpp; };
		9A60C7EA1C31670900400D85 /* ScaleToAction.hpp */ = {isa = PBXFileReference; fileEncoding = 4; lastKnownFileType = sourcecode.cpp.h; path = ScaleToAction.hpp; sourceTree = "<group>"; };
		9A60C7EB1C31670900400D85 /* SequenceAction.cpp */ = {isa = PBXFileReference; fileEncoding = 4; lastKnownFileType = sourcecode.cpp.cpp; path = SequenceAction.cpp; sourceTree = "<group>"; };
		9A60C7EC1C31670900400D85 /* SequenceAction.hpp */ = {isa = PBXFileReference; fileEncoding = 4; lastKnownFileType = sourcecode.cpp.h; path = SequenceAction.hpp; sourceTree = "<group>"; };
		9A60C7ED1C31670900400D85 /* SpriteAnimationAction.cpp */ = {isa = PBXFileReference; fileEncoding = 4; lastKnownFileType = sourcecode.cpp.cpp; path = SpriteAnimationAction.cpp; sourceTree = "<group>"; };
		9A60C7EE1C31670900400D85 /* SpriteAnimationAction.hpp */ = {isa = PBXFileReference; fileEncoding = 4; lastKnownFileType = sourcecode.cpp.h; path = SpriteAnimationAction.hpp; sourceTree = "<group>"; };
		9A60C7EF1C31670900400D85 /* WaitAction.cpp */ = {isa = PBXFileReference; fileEncoding = 4; lastKnownFileType = sourcecode.cpp.cpp; path = WaitAction.cpp; sourceTree = "<group>"; };
		9A60C7F01C31670900400D85 /* WaitAction.hpp */ = {isa = PBXFileReference; fileEncoding = 4; lastKnownFileType = sourcecode.cpp.h; path = WaitAction.hpp; sourceTree = "<group>"; };
		9A60C7F11C31670900400D85 /* EngineHelper.cpp */ = {isa = PBXFileReference; fileEncoding = 4; lastKnownFileType = sourcecode.cpp.cpp; lineEnding = 0; path = EngineHelper.cpp; sourceTree = "<group>"; wrapsLines = 0; xcLanguageSpecificationIdentifier = xcode.lang.cpp; };
		9A60C7F21C31670900400D85 /* EngineHelper.hpp */ = {isa = PBXFileReference; fileEncoding = 4; lastKnownFileType = sourcecode.cpp.h; lineEnding = 0; path = EngineHelper.hpp; sourceTree = "<group>"; xcLanguageSpecificationIdentifier = xcode.lang.cpp; };
		9A60C7F31C31670900400D85 /* FayEngine.h */ = {isa = PBXFileReference; fileEncoding = 4; lastKnownFileType = sourcecode.c.h; path = FayEngine.h; sourceTree = "<group>"; };
		9A60C7F51C31670900400D85 /* ButtonNode.cpp */ = {isa = PBXFileReference; fileEncoding = 4; lastKnownFileType = sourcecode.cpp.cpp; lineEnding = 0; path = ButtonNode.cpp; sourceTree = "<group>"; xcLanguageSpecificationIdentifier = xcode.lang.cpp; };
		9A60C7F61C31670900400D85 /* ButtonNode.hpp */ = {isa = PBXFileReference; fileEncoding = 4; lastKnownFileType = sourcecode.cpp.h; lineEnding = 0; path = ButtonNode.hpp; sourceTree = "<group>"; xcLanguageSpecificationIdentifier = xcode.lang.cpp; };
		9A60C7F71C31670900400D85 /* LabelNode.cpp */ = {isa = PBXFileReference; fileEncoding = 4; lastKnownFileType = sourcecode.cpp.cpp; lineEnding = 0; path = LabelNode.cpp; sourceTree = "<group>"; xcLanguageSpecificationIdentifier = xcode.lang.cpp; };
		9A60C7F81C31670900400D85 /* LabelNode.hpp */ = {isa = PBXFileReference; fileEncoding = 4; lastKnownFileType = sourcecode.cpp.h; lineEnding = 0; path = LabelNode.hpp; sourceTree = "<group>"; xcLanguageSpecificationIdentifier = xcode.lang.cpp; };
		9A60C7F91C31670900400D85 /* Node.cpp */ = {isa = PBXFileReference; fileEncoding = 4; lastKnownFileType = sourcecode.cpp.cpp; lineEnding = 0; path = Node.cpp; sourceTree = "<group>"; xcLanguageSpecificationIdentifier = xcode.lang.cpp; };
		9A60C7FA1C31670900400D85 /* Node.hpp */ = {isa = PBXFileReference; fileEncoding = 4; lastKnownFileType = sourcecode.cpp.h; lineEnding = 0; path = Node.hpp; sourceTree = "<group>"; xcLanguageSpecificationIdentifier = xcode.lang.cpp; };
		9A60C7FB1C31670900400D85 /* Scene.cpp */ = {isa = PBXFileReference; fileEncoding = 4; lastKnownFileType = sourcecode.cpp.cpp; path = Scene.cpp; sourceTree = "<group>"; };
		9A60C7FC1C31670900400D85 /* Scene.hpp */ = {isa = PBXFileReference; fileEncoding = 4; lastKnownFileType = sourcecode.cpp.h; path = Scene.hpp; sourceTree = "<group>"; };
		9A60C7FD1C31670900400D85 /* Sprite.cpp */ = {isa = PBXFileReference; fileEncoding = 4; lastKnownFileType = sourcecode.cpp.cpp; path = Sprite.cpp; sourceTree = "<group>"; };
		9A60C7FE1C31670900400D85 /* Sprite.hpp */ = {isa = PBXFileReference; fileEncoding = 4; lastKnownFileType = sourcecode.cpp.h; path = Sprite.hpp; sourceTree = "<group>"; };
		9A60C8011C31670900400D85 /* Texture.cpp */ = {isa = PBXFileReference; fileEncoding = 4; lastKnownFileType = sourcecode.cpp.cpp; path = Texture.cpp; sourceTree = "<group>"; };
		9A60C8021C31670900400D85 /* Texture.hpp */ = {isa = PBXFileReference; fileEncoding = 4; lastKnownFileType = sourcecode.cpp.h; path = Texture.hpp; sourceTree = "<group>"; };
		9A60C8031C31670900400D85 /* tmxparser.cpp */ = {isa = PBXFileReference; fileEncoding = 4; lastKnownFileType = sourcecode.cpp.cpp; path = tmxparser.cpp; sourceTree = "<group>"; };
		9A60C8041C31670900400D85 /* tmxparser.h */ = {isa = PBXFileReference; fileEncoding = 4; lastKnownFileType = sourcecode.c.h; path = tmxparser.h; sourceTree = "<group>"; };
		9A60C8051C31670900400D85 /* Window.cpp */ = {isa = PBXFileReference; fileEncoding = 4; lastKnownFileType = sourcecode.cpp.cpp; path = Window.cpp; sourceTree = "<group>"; wrapsLines = 0; };
		9A60C8061C31670900400D85 /* Window.hpp */ = {isa = PBXFileReference; fileEncoding = 4; lastKnownFileType = sourcecode.cpp.h; path = Window.hpp; sourceTree = "<group>"; };
		9A60C82A1C330AB200400D85 /* RepeatAction.cpp */ = {isa = PBXFileReference; fileEncoding = 4; lastKnownFileType = sourcecode.cpp.cpp; path = RepeatAction.cpp; sourceTree = "<group>"; };
		9A60C82B1C330AB200400D85 /* RepeatAction.hpp */ = {isa = PBXFileReference; fileEncoding = 4; lastKnownFileType = sourcecode.cpp.h; path = RepeatAction.hpp; sourceTree = "<group>"; };
		9A7E46A61C8CE82A00578C86 /* DrawTexture.cpp */ = {isa = PBXFileReference; fileEncoding = 4; lastKnownFileType = sourcecode.cpp.cpp; path = DrawTexture.cpp; sourceTree = "<group>"; };
		9A7E46A71C8CE82A00578C86 /* DrawTexture.hpp */ = {isa = PBXFileReference; fileEncoding = 4; lastKnownFileType = sourcecode.cpp.h; path = DrawTexture.hpp; sourceTree = "<group>"; };
		9A8F2BBA1C774DD4003A0AE3 /* RotateByAction.cpp */ = {isa = PBXFileReference; fileEncoding = 4; lastKnownFileType = sourcecode.cpp.cpp; path = RotateByAction.cpp; sourceTree = "<group>"; };
		9A8F2BBB1C774DD4003A0AE3 /* RotateByAction.hpp */ = {isa = PBXFileReference; fileEncoding = 4; lastKnownFileType = sourcecode.cpp.h; path = RotateByAction.hpp; sourceTree = "<group>"; };
		9AB2EC731C4A865000F0CDF1 /* AudioEngine.cpp */ = {isa = PBXFileReference; fileEncoding = 4; lastKnownFileType = sourcecode.cpp.cpp; path = AudioEngine.cpp; sourceTree = "<group>"; };
		9AB2EC741C4A865000F0CDF1 /* AudioEngine.hpp */ = {isa = PBXFileReference; fileEncoding = 4; lastKnownFileType = sourcecode.cpp.h; path = AudioEngine.hpp; sourceTree = "<group>"; };
		9AB48A3C1CD933710097C416 /* EasingFunctions.hpp */ = {isa = PBXFileReference; fileEncoding = 4; lastKnownFileType = sourcecode.cpp.h; path = EasingFunctions.hpp; sourceTree = "<group>"; };
		9AE2522D1C48016A00D6C01E /* libFayEngine-iOS.a */ = {isa = PBXFileReference; explicitFileType = archive.ar; includeInIndex = 0; path = "libFayEngine-iOS.a"; sourceTree = BUILT_PRODUCTS_DIR; };
		9AF380C11C7E097900851278 /* TiledMapNode.hpp */ = {isa = PBXFileReference; fileEncoding = 4; lastKnownFileType = sourcecode.cpp.h; path = TiledMapNode.hpp; sourceTree = "<group>"; };
		9AF380C21C7E097900851278 /* TiledMapNode.cpp */ = {isa = PBXFileReference; fileEncoding = 4; lastKnownFileType = sourcecode.cpp.cpp; path = TiledMapNode.cpp; sourceTree = "<group>"; };
		9AFBB8831C2E0D2E006ACF87 /* libFayEngine.a */ = {isa = PBXFileReference; explicitFileType = archive.ar; includeInIndex = 0; path = libFayEngine.a; sourceTree = BUILT_PRODUCTS_DIR; };
/* End PBXFileReference section */

/* Begin PBXFrameworksBuildPhase section */
		9AE2522A1C48016A00D6C01E /* Frameworks */ = {
			isa = PBXFrameworksBuildPhase;
			buildActionMask = 2147483647;
			files = (
			);
			runOnlyForDeploymentPostprocessing = 0;
		};
		9AFBB8801C2E0D2E006ACF87 /* Frameworks */ = {
			isa = PBXFrameworksBuildPhase;
			buildActionMask = 2147483647;
			files = (
			);
			runOnlyForDeploymentPostprocessing = 0;
		};
/* End PBXFrameworksBuildPhase section */

/* Begin PBXGroup section */
		9A60C7DA1C3166FB00400D85 /* FayEngine */ = {
			isa = PBXGroup;
			children = (
				9A60C7DB1C31670900400D85 /* src */,
			);
			name = FayEngine;
			sourceTree = "<group>";
		};
		9A60C7DB1C31670900400D85 /* src */ = {
			isa = PBXGroup;
			children = (
				9A60C7DC1C31670900400D85 /* actions */,
				9A60C7F11C31670900400D85 /* EngineHelper.cpp */,
				9A60C7F21C31670900400D85 /* EngineHelper.hpp */,
				9A60C7F31C31670900400D85 /* FayEngine.h */,
				9A60C7F41C31670900400D85 /* nodes */,
				9A60C8011C31670900400D85 /* Texture.cpp */,
				9A60C8021C31670900400D85 /* Texture.hpp */,
				9A7E46A61C8CE82A00578C86 /* DrawTexture.cpp */,
				9A7E46A71C8CE82A00578C86 /* DrawTexture.hpp */,
				9A60C8031C31670900400D85 /* tmxparser.cpp */,
				9A60C8041C31670900400D85 /* tmxparser.h */,
				9A60C8051C31670900400D85 /* Window.cpp */,
				9A60C8061C31670900400D85 /* Window.hpp */,
				9A34D5E91C41552C00B48591 /* Types.cpp */,
				9A2E2F4D1C413BB7002661EF /* Types.hpp */,
				9AB2EC731C4A865000F0CDF1 /* AudioEngine.cpp */,
				9AB2EC741C4A865000F0CDF1 /* AudioEngine.hpp */,
				9A5398C51C9169030094865C /* NetworkManager.cpp */,
				9A5398C61C9169030094865C /* NetworkManager.hpp */,
				9A2BA7291CBCE06E004BE2C4 /* ThreadManager.cpp */,
				9A2BA72A1CBCE06E004BE2C4 /* ThreadManager.hpp */,
			);
			path = src;
			sourceTree = "<group>";
		};
		9A60C7DC1C31670900400D85 /* actions */ = {
			isa = PBXGroup;
			children = (
				9AB48A3C1CD933710097C416 /* EasingFunctions.hpp */,
				9A5349341CF345590054436E /* EasingFunctions.cpp */,
				9A60C7DD1C31670900400D85 /* Action.cpp */,
				9A60C7DE1C31670900400D85 /* Action.hpp */,
				9A60C7DF1C31670900400D85 /* CallbackAction.cpp */,
				9A60C7E01C31670900400D85 /* CallbackAction.hpp */,
				9A60C7E11C31670900400D85 /* FadeAlphaToAction.cpp */,
				9A60C7E21C31670900400D85 /* FadeAlphaToAction.hpp */,
				9A60C7E31C31670900400D85 /* MoveByAction.cpp */,
				9A60C7E41C31670900400D85 /* MoveByAction.hpp */,
				9A60C7E51C31670900400D85 /* RemoveFromParent.cpp */,
				9A60C7E61C31670900400D85 /* RemoveFromParent.hpp */,
				9A60C7E71C31670900400D85 /* RotateToAction.cpp */,
				9A60C7E81C31670900400D85 /* RotateToAction.hpp */,
				9A8F2BBA1C774DD4003A0AE3 /* RotateByAction.cpp */,
				9A8F2BBB1C774DD4003A0AE3 /* RotateByAction.hpp */,
				9A60C7E91C31670900400D85 /* ScaleToAction.cpp */,
				9A60C7EA1C31670900400D85 /* ScaleToAction.hpp */,
				9A60C7EB1C31670900400D85 /* SequenceAction.cpp */,
				9A60C7EC1C31670900400D85 /* SequenceAction.hpp */,
				9A60C7ED1C31670900400D85 /* SpriteAnimationAction.cpp */,
				9A60C7EE1C31670900400D85 /* SpriteAnimationAction.hpp */,
				9A60C7EF1C31670900400D85 /* WaitAction.cpp */,
				9A60C7F01C31670900400D85 /* WaitAction.hpp */,
				9A60C82A1C330AB200400D85 /* RepeatAction.cpp */,
				9A60C82B1C330AB200400D85 /* RepeatAction.hpp */,
				9A53492D1CEBD9CC0054436E /* JumpByAction.cpp */,
				9A53492E1CEBD9CC0054436E /* JumpByAction.hpp */,
			);
			path = actions;
			sourceTree = "<group>";
		};
		9A60C7F41C31670900400D85 /* nodes */ = {
			isa = PBXGroup;
			children = (
				9A60C7F51C31670900400D85 /* ButtonNode.cpp */,
				9A60C7F61C31670900400D85 /* ButtonNode.hpp */,
				9A60C7F71C31670900400D85 /* LabelNode.cpp */,
				9A60C7F81C31670900400D85 /* LabelNode.hpp */,
				9A60C7F91C31670900400D85 /* Node.cpp */,
				9A60C7FA1C31670900400D85 /* Node.hpp */,
				9A60C7FB1C31670900400D85 /* Scene.cpp */,
				9A60C7FC1C31670900400D85 /* Scene.hpp */,
				9A60C7FD1C31670900400D85 /* Sprite.cpp */,
				9A60C7FE1C31670900400D85 /* Sprite.hpp */,
				9AF380C21C7E097900851278 /* TiledMapNode.cpp */,
				9AF380C11C7E097900851278 /* TiledMapNode.hpp */,
			);
			path = nodes;
			sourceTree = "<group>";
		};
		9AFBB87A1C2E0D2E006ACF87 = {
			isa = PBXGroup;
			children = (
				9A60C7DA1C3166FB00400D85 /* FayEngine */,
				9AFBB8841C2E0D2E006ACF87 /* Products */,
			);
			sourceTree = "<group>";
			wrapsLines = 0;
		};
		9AFBB8841C2E0D2E006ACF87 /* Products */ = {
			isa = PBXGroup;
			children = (
				9AFBB8831C2E0D2E006ACF87 /* libFayEngine.a */,
				9AE2522D1C48016A00D6C01E /* libFayEngine-iOS.a */,
			);
			name = Products;
			sourceTree = "<group>";
		};
/* End PBXGroup section */

/* Begin PBXHeadersBuildPhase section */
		9AD5D74F1C87C75B00226445 /* Headers */ = {
			isa = PBXHeadersBuildPhase;
			buildActionMask = 2147483647;
			files = (
				9AD5D7501C87C77D00226445 /* Action.hpp in Headers */,
				9AD5D7511C87C77D00226445 /* CallbackAction.hpp in Headers */,
				9AD5D7521C87C77D00226445 /* FadeAlphaToAction.hpp in Headers */,
				9AD5D7531C87C77D00226445 /* MoveByAction.hpp in Headers */,
				9AD5D7541C87C77D00226445 /* RemoveFromParent.hpp in Headers */,
				9AD5D7551C87C77D00226445 /* RotateToAction.hpp in Headers */,
				9AD5D7561C87C77D00226445 /* RotateByAction.hpp in Headers */,
				9AD5D7571C87C77D00226445 /* ScaleToAction.hpp in Headers */,
				9AD5D7581C87C77D00226445 /* SequenceAction.hpp in Headers */,
				9AD5D7591C87C77D00226445 /* SpriteAnimationAction.hpp in Headers */,
				9AD5D75A1C87C77D00226445 /* WaitAction.hpp in Headers */,
				9AD5D75B1C87C77D00226445 /* RepeatAction.hpp in Headers */,
				9AD5D75C1C87C77D00226445 /* EngineHelper.hpp in Headers */,
				9A5349311CEBD9CC0054436E /* JumpByAction.hpp in Headers */,
				9AD5D75D1C87C77D00226445 /* FayEngine.h in Headers */,
				9AD5D75E1C87C77D00226445 /* ButtonNode.hpp in Headers */,
				9AD5D75F1C87C77D00226445 /* LabelNode.hpp in Headers */,
				9AD5D7601C87C77D00226445 /* Node.hpp in Headers */,
				9AB48A3F1CD933710097C416 /* EasingFunctions.hpp in Headers */,
				9A5398C91C9169030094865C /* NetworkManager.hpp in Headers */,
				9AD5D7611C87C77D00226445 /* Scene.hpp in Headers */,
				9AD5D7621C87C77D00226445 /* Sprite.hpp in Headers */,
				9AD5D7631C87C77D00226445 /* TiledMapNode.hpp in Headers */,
				9A7E46AA1C8CE82A00578C86 /* DrawTexture.hpp in Headers */,
				9AD5D7641C87C77D00226445 /* Texture.hpp in Headers */,
				9AD5D7651C87C77D00226445 /* tmxparser.h in Headers */,
				9AD5D7661C87C77D00226445 /* Window.hpp in Headers */,
				9AD5D7671C87C77D00226445 /* Types.hpp in Headers */,
				9A2BA72D1CBCE06E004BE2C4 /* ThreadManager.hpp in Headers */,
				9AD5D7681C87C77D00226445 /* AudioEngine.hpp in Headers */,
			);
			runOnlyForDeploymentPostprocessing = 0;
		};
/* End PBXHeadersBuildPhase section */

/* Begin PBXNativeTarget section */
		9AE2522C1C48016A00D6C01E /* FayEngine-iOS */ = {
			isa = PBXNativeTarget;
			buildConfigurationList = 9AE252331C48016A00D6C01E /* Build configuration list for PBXNativeTarget "FayEngine-iOS" */;
			buildPhases = (
				9AE252291C48016A00D6C01E /* Sources */,
				9AE2522A1C48016A00D6C01E /* Frameworks */,
			);
			buildRules = (
			);
			dependencies = (
			);
			name = "FayEngine-iOS";
			productName = "FayEngine-iOS";
			productReference = 9AE2522D1C48016A00D6C01E /* libFayEngine-iOS.a */;
			productType = "com.apple.product-type.library.static";
		};
		9AFBB8821C2E0D2E006ACF87 /* FayEngine */ = {
			isa = PBXNativeTarget;
			buildConfigurationList = 9AFBB88C1C2E0D2E006ACF87 /* Build configuration list for PBXNativeTarget "FayEngine" */;
			buildPhases = (
				9AFBB87F1C2E0D2E006ACF87 /* Sources */,
				9AFBB8801C2E0D2E006ACF87 /* Frameworks */,
				9AD5D74F1C87C75B00226445 /* Headers */,
			);
			buildRules = (
			);
			dependencies = (
			);
			name = FayEngine;
			productName = FayEngine;
			productReference = 9AFBB8831C2E0D2E006ACF87 /* libFayEngine.a */;
			productType = "com.apple.product-type.library.static";
		};
/* End PBXNativeTarget section */

/* Begin PBXProject section */
		9AFBB87B1C2E0D2E006ACF87 /* Project object */ = {
			isa = PBXProject;
			attributes = {
				LastUpgradeCheck = 0700;
				ORGANIZATIONNAME = "Tom Albrecht";
				TargetAttributes = {
					9AE2522C1C48016A00D6C01E = {
						CreatedOnToolsVersion = 7.0;
					};
					9AFBB8821C2E0D2E006ACF87 = {
						CreatedOnToolsVersion = 7.0;
					};
				};
			};
			buildConfigurationList = 9AFBB87E1C2E0D2E006ACF87 /* Build configuration list for PBXProject "FayEngine" */;
			compatibilityVersion = "Xcode 3.2";
			developmentRegion = English;
			hasScannedForEncodings = 0;
			knownRegions = (
				en,
			);
			mainGroup = 9AFBB87A1C2E0D2E006ACF87;
			productRefGroup = 9AFBB8841C2E0D2E006ACF87 /* Products */;
			projectDirPath = "";
			projectRoot = "";
			targets = (
				9AFBB8821C2E0D2E006ACF87 /* FayEngine */,
				9AE2522C1C48016A00D6C01E /* FayEngine-iOS */,
			);
		};
/* End PBXProject section */

/* Begin PBXSourcesBuildPhase section */
		9AE252291C48016A00D6C01E /* Sources */ = {
			isa = PBXSourcesBuildPhase;
			buildActionMask = 2147483647;
			files = (
				9AE252361C48019F00D6C01E /* Action.cpp in Sources */,
				9AE252371C48019F00D6C01E /* CallbackAction.cpp in Sources */,
				9AE252381C48019F00D6C01E /* FadeAlphaToAction.cpp in Sources */,
				9A5349361CF345590054436E /* EasingFunctions.cpp in Sources */,
				9A8F2BBD1C774DD4003A0AE3 /* RotateByAction.cpp in Sources */,
				9AE252391C48019F00D6C01E /* MoveByAction.cpp in Sources */,
				9AE2523A1C48019F00D6C01E /* RemoveFromParent.cpp in Sources */,
				9AE2523B1C48019F00D6C01E /* RotateToAction.cpp in Sources */,
				9AE2523C1C48019F00D6C01E /* ScaleToAction.cpp in Sources */,
				9AE2523D1C48019F00D6C01E /* SequenceAction.cpp in Sources */,
				9A2BA72C1CBCE06E004BE2C4 /* ThreadManager.cpp in Sources */,
				9AE2523E1C48019F00D6C01E /* SpriteAnimationAction.cpp in Sources */,
				9AB2EC761C4A865000F0CDF1 /* AudioEngine.cpp in Sources */,
				9AE2523F1C48019F00D6C01E /* WaitAction.cpp in Sources */,
				9AE252401C48019F00D6C01E /* RepeatAction.cpp in Sources */,
				9A5349301CEBD9CC0054436E /* JumpByAction.cpp in Sources */,
				9AE252411C48019F00D6C01E /* EngineHelper.cpp in Sources */,
				9AE252421C48019F00D6C01E /* ButtonNode.cpp in Sources */,
				9AF380C41C7E097900851278 /* TiledMapNode.cpp in Sources */,
				9AE252431C48019F00D6C01E /* LabelNode.cpp in Sources */,
				9AE252441C48019F00D6C01E /* Node.cpp in Sources */,
				9AE252451C48019F00D6C01E /* Scene.cpp in Sources */,
				9A7E46A91C8CE82A00578C86 /* DrawTexture.cpp in Sources */,
				9A5398C81C9169030094865C /* NetworkManager.cpp in Sources */,
				9AE252461C48019F00D6C01E /* Sprite.cpp in Sources */,
				9AE252481C48019F00D6C01E /* Texture.cpp in Sources */,
				9AE252491C48019F00D6C01E /* tmxparser.cpp in Sources */,
				9AE2524A1C48019F00D6C01E /* Window.cpp in Sources */,
				9AE2524B1C48019F00D6C01E /* Types.cpp in Sources */,
			);
			runOnlyForDeploymentPostprocessing = 0;
		};
		9AFBB87F1C2E0D2E006ACF87 /* Sources */ = {
			isa = PBXSourcesBuildPhase;
			buildActionMask = 2147483647;
			files = (
				9A60C8081C31670900400D85 /* CallbackAction.cpp in Sources */,
				9A60C8141C31670900400D85 /* Node.cpp in Sources */,
				9A60C8161C31670900400D85 /* Sprite.cpp in Sources */,
				9A5349351CF345590054436E /* EasingFunctions.cpp in Sources */,
				9A8F2BBC1C774DD4003A0AE3 /* RotateByAction.cpp in Sources */,
				9A60C80D1C31670900400D85 /* ScaleToAction.cpp in Sources */,
				9A60C8151C31670900400D85 /* Scene.cpp in Sources */,
				9A60C80E1C31670900400D85 /* SequenceAction.cpp in Sources */,
				9A60C80A1C31670900400D85 /* MoveByAction.cpp in Sources */,
				9A60C80B1C31670900400D85 /* RemoveFromParent.cpp in Sources */,
				9A2BA72B1CBCE06E004BE2C4 /* ThreadManager.cpp in Sources */,
				9A60C8191C31670900400D85 /* tmxparser.cpp in Sources */,
				9AB2EC751C4A865000F0CDF1 /* AudioEngine.cpp in Sources */,
				9A60C8121C31670900400D85 /* ButtonNode.cpp in Sources */,
				9A60C81A1C31670900400D85 /* Window.cpp in Sources */,
				9A53492F1CEBD9CC0054436E /* JumpByAction.cpp in Sources */,
				9A60C8091C31670900400D85 /* FadeAlphaToAction.cpp in Sources */,
				9A60C82C1C330AB200400D85 /* RepeatAction.cpp in Sources */,
				9AF380C31C7E097900851278 /* TiledMapNode.cpp in Sources */,
				9A34D5EA1C41552C00B48591 /* Types.cpp in Sources */,
				9A60C80F1C31670900400D85 /* SpriteAnimationAction.cpp in Sources */,
				9A60C80C1C31670900400D85 /* RotateToAction.cpp in Sources */,
				9A7E46A81C8CE82A00578C86 /* DrawTexture.cpp in Sources */,
				9A5398C71C9169030094865C /* NetworkManager.cpp in Sources */,
				9A60C8101C31670900400D85 /* WaitAction.cpp in Sources */,
				9A60C8131C31670900400D85 /* LabelNode.cpp in Sources */,
				9A60C8071C31670900400D85 /* Action.cpp in Sources */,
				9A60C8181C31670900400D85 /* Texture.cpp in Sources */,
				9A60C8111C31670900400D85 /* EngineHelper.cpp in Sources */,
			);
			runOnlyForDeploymentPostprocessing = 0;
		};
/* End PBXSourcesBuildPhase section */

/* Begin XCBuildConfiguration section */
		9AE252341C48016A00D6C01E /* Debug */ = {
			isa = XCBuildConfiguration;
			buildSettings = {
				CLANG_CXX_LIBRARY = "compiler-default";
				HEADER_SEARCH_PATHS = (
					/usr/local/include/SDL2,
					/usr/local/include/FayEngine,
					/usr/local/include,
				);
				OTHER_LDFLAGS = "-ObjC";
				PRODUCT_NAME = "$(TARGET_NAME)";
				SDKROOT = iphoneos7.0;
				SKIP_INSTALL = YES;
				SUPPORTED_PLATFORMS = "iphonesimulator iphoneos appletvos appletvsimulator";
			};
			name = Debug;
		};
		9AE252351C48016A00D6C01E /* Release */ = {
			isa = XCBuildConfiguration;
			buildSettings = {
				CLANG_CXX_LIBRARY = "compiler-default";
				HEADER_SEARCH_PATHS = (
					/usr/local/include/SDL2,
					/usr/local/include/FayEngine,
					/usr/local/include,
				);
				OTHER_LDFLAGS = "-ObjC";
				PRODUCT_NAME = "$(TARGET_NAME)";
				SDKROOT = iphoneos7.0;
				SKIP_INSTALL = YES;
				SUPPORTED_PLATFORMS = "iphonesimulator iphoneos appletvos appletvsimulator";
			};
			name = Release;
		};
		9AFBB88A1C2E0D2E006ACF87 /* Debug */ = {
			isa = XCBuildConfiguration;
			buildSettings = {
				ALWAYS_SEARCH_USER_PATHS = NO;
				CLANG_CXX_LANGUAGE_STANDARD = "gnu++0x";
				CLANG_CXX_LIBRARY = "libc++";
				CLANG_ENABLE_MODULES = YES;
				CLANG_ENABLE_OBJC_ARC = YES;
				CLANG_WARN_BOOL_CONVERSION = YES;
				CLANG_WARN_CONSTANT_CONVERSION = YES;
				CLANG_WARN_DIRECT_OBJC_ISA_USAGE = YES_ERROR;
				CLANG_WARN_EMPTY_BODY = YES;
				CLANG_WARN_ENUM_CONVERSION = YES;
				CLANG_WARN_INT_CONVERSION = YES;
				CLANG_WARN_OBJC_ROOT_CLASS = YES_ERROR;
				CLANG_WARN_UNREACHABLE_CODE = YES;
				CLANG_WARN__DUPLICATE_METHOD_MATCH = YES;
				COPY_PHASE_STRIP = NO;
				DEBUG_INFORMATION_FORMAT = dwarf;
				ENABLE_STRICT_OBJC_MSGSEND = YES;
				ENABLE_TESTABILITY = YES;
				GCC_C_LANGUAGE_STANDARD = gnu99;
				GCC_DYNAMIC_NO_PIC = NO;
				GCC_NO_COMMON_BLOCKS = YES;
				GCC_OPTIMIZATION_LEVEL = 0;
				GCC_PREPROCESSOR_DEFINITIONS = (
					"DEBUG=1",
					"$(inherited)",
				);
				GCC_WARN_64_TO_32_BIT_CONVERSION = YES;
				GCC_WARN_ABOUT_RETURN_TYPE = YES_ERROR;
				GCC_WARN_UNDECLARED_SELECTOR = YES;
				GCC_WARN_UNINITIALIZED_AUTOS = YES_AGGRESSIVE;
				GCC_WARN_UNUSED_FUNCTION = YES;
				GCC_WARN_UNUSED_VARIABLE = YES;
				IPHONEOS_DEPLOYMENT_TARGET = 9.0;
				MTL_ENABLE_DEBUG_INFO = YES;
				ONLY_ACTIVE_ARCH = YES;
				SDKROOT = macosx;
				SUPPORTED_PLATFORMS = "macosx iphoneos iphonesimulator appletvsimulator appletvos";
			};
			name = Debug;
		};
		9AFBB88B1C2E0D2E006ACF87 /* Release */ = {
			isa = XCBuildConfiguration;
			buildSettings = {
				ALWAYS_SEARCH_USER_PATHS = NO;
				CLANG_CXX_LANGUAGE_STANDARD = "gnu++0x";
				CLANG_CXX_LIBRARY = "libc++";
				CLANG_ENABLE_MODULES = YES;
				CLANG_ENABLE_OBJC_ARC = YES;
				CLANG_WARN_BOOL_CONVERSION = YES;
				CLANG_WARN_CONSTANT_CONVERSION = YES;
				CLANG_WARN_DIRECT_OBJC_ISA_USAGE = YES_ERROR;
				CLANG_WARN_EMPTY_BODY = YES;
				CLANG_WARN_ENUM_CONVERSION = YES;
				CLANG_WARN_INT_CONVERSION = YES;
				CLANG_WARN_OBJC_ROOT_CLASS = YES_ERROR;
				CLANG_WARN_UNREACHABLE_CODE = YES;
				CLANG_WARN__DUPLICATE_METHOD_MATCH = YES;
				COPY_PHASE_STRIP = NO;
				DEBUG_INFORMATION_FORMAT = "dwarf-with-dsym";
				ENABLE_NS_ASSERTIONS = NO;
				ENABLE_STRICT_OBJC_MSGSEND = YES;
				GCC_C_LANGUAGE_STANDARD = gnu99;
				GCC_NO_COMMON_BLOCKS = YES;
				GCC_WARN_64_TO_32_BIT_CONVERSION = YES;
				GCC_WARN_ABOUT_RETURN_TYPE = YES_ERROR;
				GCC_WARN_UNDECLARED_SELECTOR = YES;
				GCC_WARN_UNINITIALIZED_AUTOS = YES_AGGRESSIVE;
				GCC_WARN_UNUSED_FUNCTION = YES;
				GCC_WARN_UNUSED_VARIABLE = YES;
				IPHONEOS_DEPLOYMENT_TARGET = 9.0;
				MTL_ENABLE_DEBUG_INFO = NO;
				SDKROOT = macosx;
				SUPPORTED_PLATFORMS = "macosx iphoneos iphonesimulator appletvsimulator appletvos";
				VALIDATE_PRODUCT = YES;
			};
			name = Release;
		};
		9AFBB88D1C2E0D2E006ACF87 /* Debug */ = {
			isa = XCBuildConfiguration;
			buildSettings = {
				ALWAYS_SEARCH_USER_PATHS = YES;
				ARCHS = "$(ARCHS_STANDARD_32_64_BIT)";
				DYLIB_CURRENT_VERSION = 0.1;
				OTHER_LDFLAGS = "-ObjC";
				PRODUCT_NAME = "$(TARGET_NAME)";
				SKIP_INSTALL = YES;
				USER_HEADER_SEARCH_PATHS = "/usr/local/include /usr/local/include/SDL2";
			};
			name = Debug;
		};
		9AFBB88E1C2E0D2E006ACF87 /* Release */ = {
			isa = XCBuildConfiguration;
			buildSettings = {
				ALWAYS_SEARCH_USER_PATHS = YES;
				ARCHS = "$(ARCHS_STANDARD_32_64_BIT)";
				DYLIB_CURRENT_VERSION = 0.1;
				OTHER_LDFLAGS = "-ObjC";
				PRODUCT_NAME = "$(TARGET_NAME)";
				SKIP_INSTALL = YES;
				USER_HEADER_SEARCH_PATHS = "/usr/local/include /usr/local/include/SDL2";
			};
			name = Release;
		};
/* End XCBuildConfiguration section */

/* Begin XCConfigurationList section */
		9AE252331C48016A00D6C01E /* Build configuration list for PBXNativeTarget "FayEngine-iOS" */ = {
			isa = XCConfigurationList;
			buildConfigurations = (
				9AE252341C48016A00D6C01E /* Debug */,
				9AE252351C48016A00D6C01E /* Release */,
			);
			defaultConfigurationIsVisible = 0;
			defaultConfigurationName = Release;
		};
		9AFBB87E1C2E0D2E006ACF87 /* Build configuration list for PBXProject "FayEngine" */ = {
			isa = XCConfigurationList;
			buildConfigurations = (
				9AFBB88A1C2E0D2E006ACF87 /* Debug */,
				9AFBB88B1C2E0D2E006ACF87 /* Release */,
			);
			defaultConfigurationIsVisible = 0;
			defaultConfigurationName = Release;
		};
		9AFBB88C1C2E0D2E006ACF87 /* Build configuration list for PBXNativeTarget "FayEngine" */ = {
			isa = XCConfigurationList;
			buildConfigurations = (
				9AFBB88D1C2E0D2E006ACF87 /* Debug */,
				9AFBB88E1C2E0D2E006ACF87 /* Release */,
			);
			defaultConfigurationIsVisible = 0;
			defaultConfigurationName = Release;
		};
/* End XCConfigurationList section */
	};
	rootObject = 9AFBB87B1C2E0D2E006ACF87 /* Project object */;
}
